
Microsoft Visual Studio Solution File, Format Version 12.00
# Visual Studio Version 16
VisualStudioVersion = 16.0.29613.14
MinimumVisualStudioVersion = 10.0.40219.1
Project("{FAE04EC0-301F-11D3-BF4B-00C04F79EFBC}") = "Ecommerce.Web", "Ecommerce.Web\Ecommerce.Web.csproj", "{52285583-43DF-47DA-95EE-655A767D5A75}"
EndProject
Project("{FAE04EC0-301F-11D3-BF4B-00C04F79EFBC}") = "Ecommerce.Web.Tests", "Ecommerce.Web.Tests\Ecommerce.Web.Tests.csproj", "{58CA3114-AE2B-4D2A-86F4-CE30F46B391E}"
EndProject
Project("{2150E333-8FDC-42A3-9474-1A3956D46DE8}") = "UI", "UI", "{5DA632A1-46DF-44A9-A097-524BE5B6E78D}"
EndProject
Project("{2150E333-8FDC-42A3-9474-1A3956D46DE8}") = "App", "App", "{43B3791E-10BA-4622-919D-4731A657AF0C}"
EndProject
Project("{2150E333-8FDC-42A3-9474-1A3956D46DE8}") = "Repository", "Repository", "{1313A145-7D4E-45B8-8A14-14F32AA68841}"
EndProject
Project("{2150E333-8FDC-42A3-9474-1A3956D46DE8}") = "StartUp", "StartUp", "{7AEEEB9B-0106-4948-8E33-E0CABA3B17CB}"
EndProject
Project("{FAE04EC0-301F-11D3-BF4B-00C04F79EFBC}") = "Ecommerce.App", "Ecommerce.App\Ecommerce.App.csproj", "{057FC70A-D4C2-4935-BB17-71A84838838C}"
EndProject
Project("{FAE04EC0-301F-11D3-BF4B-00C04F79EFBC}") = "Ecommerce.App.Tests", "Ecommerce.App.Tests\Ecommerce.App.Tests.csproj", "{A34CBFC0-DDD5-473D-BF41-545E40794638}"
EndProject
Project("{FAE04EC0-301F-11D3-BF4B-00C04F79EFBC}") = "Ecommerce.Repository", "Ecommerce.Repository\Ecommerce.Repository.csproj", "{85C72FFA-AB4F-4445-A64C-AD618C964135}"
EndProject
Project("{FAE04EC0-301F-11D3-BF4B-00C04F79EFBC}") = "Ecommerce.Repository.Tests", "Ecommerce.Repository.Tests\Ecommerce.Repository.Tests.csproj", "{C05E51A0-7533-4A44-B1D5-4CA03BF51B5F}"
EndProject
Project("{FAE04EC0-301F-11D3-BF4B-00C04F79EFBC}") = "Ecommerce.StartUp", "Ecommerce.StartUp\Ecommerce.StartUp.csproj", "{3821E045-B117-4B49-8715-2EFDEB6416A8}"
EndProject
Project("{FAE04EC0-301F-11D3-BF4B-00C04F79EFBC}") = "Ecommerce.StartUp.Tests", "Ecommerce.StartUp.Tests\Ecommerce.StartUp.Tests.csproj", "{C409D27B-4CEB-4F11-BFE0-2315740DF867}"
EndProject
Project("{2150E333-8FDC-42A3-9474-1A3956D46DE8}") = "Helpers", "Helpers", "{F4014F6F-220D-4AC0-AE1D-9741FD679085}"
EndProject
Project("{FAE04EC0-301F-11D3-BF4B-00C04F79EFBC}") = "Ecommerce.Helpers", "Ecommerce.Helpers\Ecommerce.Helpers.csproj", "{1C292139-ECF4-4202-B992-256778D53156}"
EndProject
Project("{FAE04EC0-301F-11D3-BF4B-00C04F79EFBC}") = "Ecommerce.Helpers.Tests", "Ecommerce.Helpers.Tests\Ecommerce.Helpers.Tests.csproj", "{8ECEC63F-26A6-4A61-A595-81B05BD12EF8}"
EndProject
Project("{2150E333-8FDC-42A3-9474-1A3956D46DE8}") = "Domain", "Domain", "{7730BE5F-0772-48C7-97A4-4A9115350884}"
EndProject
Project("{FAE04EC0-301F-11D3-BF4B-00C04F79EFBC}") = "Ecommerce.Domain", "Ecommerce.Domain\Ecommerce.Domain.csproj", "{5C429B76-9D2E-40CA-B57F-C72647E1AE91}"
EndProject
Project("{FAE04EC0-301F-11D3-BF4B-00C04F79EFBC}") = "Ecommerce.Domain.Tests", "Ecommerce.Domain.Tests\Ecommerce.Domain.Tests.csproj", "{65881A04-B1B8-418D-842C-2E179D576738}"
EndProject
Global
	GlobalSection(SolutionConfigurationPlatforms) = preSolution
		Debug|Any CPU = Debug|Any CPU
		Release|Any CPU = Release|Any CPU
	EndGlobalSection
	GlobalSection(ProjectConfigurationPlatforms) = postSolution
		{52285583-43DF-47DA-95EE-655A767D5A75}.Debug|Any CPU.ActiveCfg = Debug|Any CPU
		{52285583-43DF-47DA-95EE-655A767D5A75}.Debug|Any CPU.Build.0 = Debug|Any CPU
		{52285583-43DF-47DA-95EE-655A767D5A75}.Release|Any CPU.ActiveCfg = Release|Any CPU
		{52285583-43DF-47DA-95EE-655A767D5A75}.Release|Any CPU.Build.0 = Release|Any CPU
		{58CA3114-AE2B-4D2A-86F4-CE30F46B391E}.Debug|Any CPU.ActiveCfg = Debug|Any CPU
		{58CA3114-AE2B-4D2A-86F4-CE30F46B391E}.Debug|Any CPU.Build.0 = Debug|Any CPU
		{58CA3114-AE2B-4D2A-86F4-CE30F46B391E}.Release|Any CPU.ActiveCfg = Release|Any CPU
		{58CA3114-AE2B-4D2A-86F4-CE30F46B391E}.Release|Any CPU.Build.0 = Release|Any CPU
		{057FC70A-D4C2-4935-BB17-71A84838838C}.Debug|Any CPU.ActiveCfg = Debug|Any CPU
		{057FC70A-D4C2-4935-BB17-71A84838838C}.Debug|Any CPU.Build.0 = Debug|Any CPU
		{057FC70A-D4C2-4935-BB17-71A84838838C}.Release|Any CPU.ActiveCfg = Release|Any CPU
		{057FC70A-D4C2-4935-BB17-71A84838838C}.Release|Any CPU.Build.0 = Release|Any CPU
		{A34CBFC0-DDD5-473D-BF41-545E40794638}.Debug|Any CPU.ActiveCfg = Debug|Any CPU
		{A34CBFC0-DDD5-473D-BF41-545E40794638}.Debug|Any CPU.Build.0 = Debug|Any CPU
		{A34CBFC0-DDD5-473D-BF41-545E40794638}.Release|Any CPU.ActiveCfg = Release|Any CPU
		{A34CBFC0-DDD5-473D-BF41-545E40794638}.Release|Any CPU.Build.0 = Release|Any CPU
		{85C72FFA-AB4F-4445-A64C-AD618C964135}.Debug|Any CPU.ActiveCfg = Debug|Any CPU
		{85C72FFA-AB4F-4445-A64C-AD618C964135}.Debug|Any CPU.Build.0 = Debug|Any CPU
		{85C72FFA-AB4F-4445-A64C-AD618C964135}.Release|Any CPU.ActiveCfg = Release|Any CPU
		{85C72FFA-AB4F-4445-A64C-AD618C964135}.Release|Any CPU.Build.0 = Release|Any CPU
		{C05E51A0-7533-4A44-B1D5-4CA03BF51B5F}.Debug|Any CPU.ActiveCfg = Debug|Any CPU
		{C05E51A0-7533-4A44-B1D5-4CA03BF51B5F}.Debug|Any CPU.Build.0 = Debug|Any CPU
		{C05E51A0-7533-4A44-B1D5-4CA03BF51B5F}.Release|Any CPU.ActiveCfg = Release|Any CPU
		{C05E51A0-7533-4A44-B1D5-4CA03BF51B5F}.Release|Any CPU.Build.0 = Release|Any CPU
		{3821E045-B117-4B49-8715-2EFDEB6416A8}.Debug|Any CPU.ActiveCfg = Debug|Any CPU
		{3821E045-B117-4B49-8715-2EFDEB6416A8}.Debug|Any CPU.Build.0 = Debug|Any CPU
		{3821E045-B117-4B49-8715-2EFDEB6416A8}.Release|Any CPU.ActiveCfg = Release|Any CPU
		{3821E045-B117-4B49-8715-2EFDEB6416A8}.Release|Any CPU.Build.0 = Release|Any CPU
		{C409D27B-4CEB-4F11-BFE0-2315740DF867}.Debug|Any CPU.ActiveCfg = Debug|Any CPU
		{C409D27B-4CEB-4F11-BFE0-2315740DF867}.Debug|Any CPU.Build.0 = Debug|Any CPU
		{C409D27B-4CEB-4F11-BFE0-2315740DF867}.Release|Any CPU.ActiveCfg = Release|Any CPU
		{C409D27B-4CEB-4F11-BFE0-2315740DF867}.Release|Any CPU.Build.0 = Release|Any CPU
		{1C292139-ECF4-4202-B992-256778D53156}.Debug|Any CPU.ActiveCfg = Debug|Any CPU
		{1C292139-ECF4-4202-B992-256778D53156}.Debug|Any CPU.Build.0 = Debug|Any CPU
		{1C292139-ECF4-4202-B992-256778D53156}.Release|Any CPU.ActiveCfg = Release|Any CPU
		{1C292139-ECF4-4202-B992-256778D53156}.Release|Any CPU.Build.0 = Release|Any CPU
		{8ECEC63F-26A6-4A61-A595-81B05BD12EF8}.Debug|Any CPU.ActiveCfg = Debug|Any CPU
		{8ECEC63F-26A6-4A61-A595-81B05BD12EF8}.Debug|Any CPU.Build.0 = Debug|Any CPU
		{8ECEC63F-26A6-4A61-A595-81B05BD12EF8}.Release|Any CPU.ActiveCfg = Release|Any CPU
		{8ECEC63F-26A6-4A61-A595-81B05BD12EF8}.Release|Any CPU.Build.0 = Release|Any CPU
		{5C429B76-9D2E-40CA-B57F-C72647E1AE91}.Debug|Any CPU.ActiveCfg = Debug|Any CPU
		{5C429B76-9D2E-40CA-B57F-C72647E1AE91}.Debug|Any CPU.Build.0 = Debug|Any CPU
		{5C429B76-9D2E-40CA-B57F-C72647E1AE91}.Release|Any CPU.ActiveCfg = Release|Any CPU
		{5C429B76-9D2E-40CA-B57F-C72647E1AE91}.Release|Any CPU.Build.0 = Release|Any CPU
		{65881A04-B1B8-418D-842C-2E179D576738}.Debug|Any CPU.ActiveCfg = Debug|Any CPU
		{65881A04-B1B8-418D-842C-2E179D576738}.Debug|Any CPU.Build.0 = Debug|Any CPU
		{65881A04-B1B8-418D-842C-2E179D576738}.Release|Any CPU.ActiveCfg = Release|Any CPU
		{65881A04-B1B8-418D-842C-2E179D576738}.Release|Any CPU.Build.0 = Release|Any CPU
	EndGlobalSection
	GlobalSection(SolutionProperties) = preSolution
		HideSolutionNode = FALSE
	EndGlobalSection
	GlobalSection(NestedProjects) = preSolution
		{52285583-43DF-47DA-95EE-655A767D5A75} = {5DA632A1-46DF-44A9-A097-524BE5B6E78D}
		{58CA3114-AE2B-4D2A-86F4-CE30F46B391E} = {5DA632A1-46DF-44A9-A097-524BE5B6E78D}
		{057FC70A-D4C2-4935-BB17-71A84838838C} = {43B3791E-10BA-4622-919D-4731A657AF0C}
		{A34CBFC0-DDD5-473D-BF41-545E40794638} = {43B3791E-10BA-4622-919D-4731A657AF0C}
		{85C72FFA-AB4F-4445-A64C-AD618C964135} = {1313A145-7D4E-45B8-8A14-14F32AA68841}
		{C05E51A0-7533-4A44-B1D5-4CA03BF51B5F} = {1313A145-7D4E-45B8-8A14-14F32AA68841}
		{3821E045-B117-4B49-8715-2EFDEB6416A8} = {7AEEEB9B-0106-4948-8E33-E0CABA3B17CB}
		{C409D27B-4CEB-4F11-BFE0-2315740DF867} = {7AEEEB9B-0106-4948-8E33-E0CABA3B17CB}
		{1C292139-ECF4-4202-B992-256778D53156} = {F4014F6F-220D-4AC0-AE1D-9741FD679085}
		{8ECEC63F-26A6-4A61-A595-81B05BD12EF8} = {F4014F6F-220D-4AC0-AE1D-9741FD679085}
		{5C429B76-9D2E-40CA-B57F-C72647E1AE91} = {7730BE5F-0772-48C7-97A4-4A9115350884}
		{65881A04-B1B8-418D-842C-2E179D576738} = {7730BE5F-0772-48C7-97A4-4A9115350884}
	EndGlobalSection
	GlobalSection(ExtensibilityGlobals) = postSolution
		SolutionGuid = {4A477E0C-78DB-4325-8AFA-34D7CDF0DA49}
	EndGlobalSection
EndGlobal
